
Microsoft Visual Studio Solution File, Format Version 12.00
# Visual Studio Version 17
VisualStudioVersion = 17.14.36429.23 d17.14
MinimumVisualStudioVersion = 10.0.40219.1
Project("{FAE04EC0-301F-11D3-BF4B-00C04F79EFBC}") = "Wolfenstain3D", "Wolfenstain3D\Wolfenstain3D.csproj", "{7395841E-D2C7-48C5-9E6C-38AD3C96A80A}"
EndProject
Global
	GlobalSection(SolutionConfigurationPlatforms) = preSolution
		Debug|Any CPU = Debug|Any CPU
		Release|Any CPU = Release|Any CPU
	EndGlobalSection
	GlobalSection(ProjectConfigurationPlatforms) = postSolution
		{7395841E-D2C7-48C5-9E6C-38AD3C96A80A}.Debug|Any CPU.ActiveCfg = Debug|Any CPU
		{7395841E-D2C7-48C5-9E6C-38AD3C96A80A}.Debug|Any CPU.Build.0 = Debug|Any CPU
		{7395841E-D2C7-48C5-9E6C-38AD3C96A80A}.Release|Any CPU.ActiveCfg = Release|Any CPU
		{7395841E-D2C7-48C5-9E6C-38AD3C96A80A}.Release|Any CPU.Build.0 = Release|Any CPU
	EndGlobalSection
	GlobalSection(SolutionProperties) = preSolution
		HideSolutionNode = FALSE
	EndGlobalSection
	GlobalSection(ExtensibilityGlobals) = postSolution
		SolutionGuid = {55B361FB-16B3-4A42-B3E9-03351B80463F}
	EndGlobalSection
EndGlobal
